// !$*UTF8*$!
{
	archiveVersion = 1;
	classes = {
	};
	objectVersion = 50;
	objects = {

/* Begin PBXBuildFile section */
		A00489F4263B9C2E008F5BF2 /* ListView.swift in Sources */ = {isa = PBXBuildFile; fileRef = A00489F3263B9C2E008F5BF2 /* ListView.swift */; };
		A00489FC263B9E9B008F5BF2 /* Row.swift in Sources */ = {isa = PBXBuildFile; fileRef = A00489FB263B9E9B008F5BF2 /* Row.swift */; };
		A0048A02263B9EFE008F5BF2 /* StackOverflowData.swift in Sources */ = {isa = PBXBuildFile; fileRef = A0048A01263B9EFE008F5BF2 /* StackOverflowData.swift */; };
		A0916DB9263B714900C097E3 /* AppDelegate.swift in Sources */ = {isa = PBXBuildFile; fileRef = A0916DB8263B714900C097E3 /* AppDelegate.swift */; };
		A0916DBB263B714900C097E3 /* SceneDelegate.swift in Sources */ = {isa = PBXBuildFile; fileRef = A0916DBA263B714900C097E3 /* SceneDelegate.swift */; };
		A0916DBD263B714900C097E3 /* ContentView.swift in Sources */ = {isa = PBXBuildFile; fileRef = A0916DBC263B714900C097E3 /* ContentView.swift */; };
		A0916DBF263B714A00C097E3 /* Assets.xcassets in Resources */ = {isa = PBXBuildFile; fileRef = A0916DBE263B714A00C097E3 /* Assets.xcassets */; };
		A0916DC2263B714A00C097E3 /* Preview Assets.xcassets in Resources */ = {isa = PBXBuildFile; fileRef = A0916DC1263B714A00C097E3 /* Preview Assets.xcassets */; };
		A0916DC5263B714A00C097E3 /* LaunchScreen.storyboard in Resources */ = {isa = PBXBuildFile; fileRef = A0916DC3263B714A00C097E3 /* LaunchScreen.storyboard */; };
		A0916DD0263B714B00C097E3 /* StackOverflowListTests.swift in Sources */ = {isa = PBXBuildFile; fileRef = A0916DCF263B714B00C097E3 /* StackOverflowListTests.swift */; };
		A0916DDB263B714B00C097E3 /* StackOverflowListUITests.swift in Sources */ = {isa = PBXBuildFile; fileRef = A0916DDA263B714B00C097E3 /* StackOverflowListUITests.swift */; };
		A0A2649A263BA0A3007C5101 /* ModelData.swift in Sources */ = {isa = PBXBuildFile; fileRef = A0A26499263BA0A3007C5101 /* ModelData.swift */; };
		A0A2649F263BA8CA007C5101 /* data.json in Resources */ = {isa = PBXBuildFile; fileRef = A0A2649E263BA8CA007C5101 /* data.json */; };
/* End PBXBuildFile section */

/* Begin PBXContainerItemProxy section */
		A0916DCC263B714B00C097E3 /* PBXContainerItemProxy */ = {
			isa = PBXContainerItemProxy;
			containerPortal = A0916DAD263B714900C097E3 /* Project object */;
			proxyType = 1;
			remoteGlobalIDString = A0916DB4263B714900C097E3;
			remoteInfo = StackOverflowList;
		};
		A0916DD7263B714B00C097E3 /* PBXContainerItemProxy */ = {
			isa = PBXContainerItemProxy;
			containerPortal = A0916DAD263B714900C097E3 /* Project object */;
			proxyType = 1;
			remoteGlobalIDString = A0916DB4263B714900C097E3;
			remoteInfo = StackOverflowList;
		};
/* End PBXContainerItemProxy section */

/* Begin PBXFileReference section */
		A00489F3263B9C2E008F5BF2 /* ListView.swift */ = {isa = PBXFileReference; lastKnownFileType = sourcecode.swift; path = ListView.swift; sourceTree = "<group>"; };
		A00489FB263B9E9B008F5BF2 /* Row.swift */ = {isa = PBXFileReference; lastKnownFileType = sourcecode.swift; path = Row.swift; sourceTree = "<group>"; };
		A0048A01263B9EFE008F5BF2 /* StackOverflowData.swift */ = {isa = PBXFileReference; lastKnownFileType = sourcecode.swift; path = StackOverflowData.swift; sourceTree = "<group>"; };
		A0916DB5263B714900C097E3 /* StackOverflowList.app */ = {isa = PBXFileReference; explicitFileType = wrapper.application; includeInIndex = 0; path = StackOverflowList.app; sourceTree = BUILT_PRODUCTS_DIR; };
		A0916DB8263B714900C097E3 /* AppDelegate.swift */ = {isa = PBXFileReference; lastKnownFileType = sourcecode.swift; path = AppDelegate.swift; sourceTree = "<group>"; };
		A0916DBA263B714900C097E3 /* SceneDelegate.swift */ = {isa = PBXFileReference; lastKnownFileType = sourcecode.swift; path = SceneDelegate.swift; sourceTree = "<group>"; };
		A0916DBC263B714900C097E3 /* ContentView.swift */ = {isa = PBXFileReference; lastKnownFileType = sourcecode.swift; path = ContentView.swift; sourceTree = "<group>"; };
		A0916DBE263B714A00C097E3 /* Assets.xcassets */ = {isa = PBXFileReference; lastKnownFileType = folder.assetcatalog; path = Assets.xcassets; sourceTree = "<group>"; };
		A0916DC1263B714A00C097E3 /* Preview Assets.xcassets */ = {isa = PBXFileReference; lastKnownFileType = folder.assetcatalog; path = "Preview Assets.xcassets"; sourceTree = "<group>"; };
		A0916DC4263B714A00C097E3 /* Base */ = {isa = PBXFileReference; lastKnownFileType = file.storyboard; name = Base; path = Base.lproj/LaunchScreen.storyboard; sourceTree = "<group>"; };
		A0916DC6263B714A00C097E3 /* Info.plist */ = {isa = PBXFileReference; lastKnownFileType = text.plist.xml; path = Info.plist; sourceTree = "<group>"; };
		A0916DCB263B714B00C097E3 /* StackOverflowListTests.xctest */ = {isa = PBXFileReference; explicitFileType = wrapper.cfbundle; includeInIndex = 0; path = StackOverflowListTests.xctest; sourceTree = BUILT_PRODUCTS_DIR; };
		A0916DCF263B714B00C097E3 /* StackOverflowListTests.swift */ = {isa = PBXFileReference; lastKnownFileType = sourcecode.swift; path = StackOverflowListTests.swift; sourceTree = "<group>"; };
		A0916DD1263B714B00C097E3 /* Info.plist */ = {isa = PBXFileReference; lastKnownFileType = text.plist.xml; path = Info.plist; sourceTree = "<group>"; };
		A0916DD6263B714B00C097E3 /* StackOverflowListUITests.xctest */ = {isa = PBXFileReference; explicitFileType = wrapper.cfbundle; includeInIndex = 0; path = StackOverflowListUITests.xctest; sourceTree = BUILT_PRODUCTS_DIR; };
		A0916DDA263B714B00C097E3 /* StackOverflowListUITests.swift */ = {isa = PBXFileReference; lastKnownFileType = sourcecode.swift; path = StackOverflowListUITests.swift; sourceTree = "<group>"; };
		A0916DDC263B714B00C097E3 /* Info.plist */ = {isa = PBXFileReference; lastKnownFileType = text.plist.xml; path = Info.plist; sourceTree = "<group>"; };
		A0A26499263BA0A3007C5101 /* ModelData.swift */ = {isa = PBXFileReference; lastKnownFileType = sourcecode.swift; path = ModelData.swift; sourceTree = "<group>"; };
		A0A2649E263BA8CA007C5101 /* data.json */ = {isa = PBXFileReference; fileEncoding = 4; lastKnownFileType = text.json; path = data.json; sourceTree = "<group>"; };
/* End PBXFileReference section */

/* Begin PBXFrameworksBuildPhase section */
		A0916DB2263B714900C097E3 /* Frameworks */ = {
			isa = PBXFrameworksBuildPhase;
			buildActionMask = 2147483647;
			files = (
			);
			runOnlyForDeploymentPostprocessing = 0;
		};
		A0916DC8263B714B00C097E3 /* Frameworks */ = {
			isa = PBXFrameworksBuildPhase;
			buildActionMask = 2147483647;
			files = (
			);
			runOnlyForDeploymentPostprocessing = 0;
		};
		A0916DD3263B714B00C097E3 /* Frameworks */ = {
			isa = PBXFrameworksBuildPhase;
			buildActionMask = 2147483647;
			files = (
			);
			runOnlyForDeploymentPostprocessing = 0;
		};
/* End PBXFrameworksBuildPhase section */

/* Begin PBXGroup section */
		A00489F2263B9C08008F5BF2 /* View */ = {
			isa = PBXGroup;
			children = (
				A0916DBC263B714900C097E3 /* ContentView.swift */,
				A00489FB263B9E9B008F5BF2 /* Row.swift */,
				A00489F3263B9C2E008F5BF2 /* ListView.swift */,
			);
			path = View;
			sourceTree = "<group>";
		};
		A0048A00263B9EDB008F5BF2 /* Model */ = {
			isa = PBXGroup;
			children = (
				A0048A01263B9EFE008F5BF2 /* StackOverflowData.swift */,
				A0A26499263BA0A3007C5101 /* ModelData.swift */,
			);
			path = Model;
			sourceTree = "<group>";
		};
		A0916DAC263B714900C097E3 = {
			isa = PBXGroup;
			children = (
				A0916DB7263B714900C097E3 /* StackOverflowList */,
				A0916DCE263B714B00C097E3 /* StackOverflowListTests */,
				A0916DD9263B714B00C097E3 /* StackOverflowListUITests */,
				A0916DB6263B714900C097E3 /* Products */,
			);
			sourceTree = "<group>";
		};
		A0916DB6263B714900C097E3 /* Products */ = {
			isa = PBXGroup;
			children = (
				A0916DB5263B714900C097E3 /* StackOverflowList.app */,
				A0916DCB263B714B00C097E3 /* StackOverflowListTests.xctest */,
				A0916DD6263B714B00C097E3 /* StackOverflowListUITests.xctest */,
			);
			name = Products;
			sourceTree = "<group>";
		};
		A0916DB7263B714900C097E3 /* StackOverflowList */ = {
			isa = PBXGroup;
			children = (
				A0916DB8263B714900C097E3 /* AppDelegate.swift */,
				A0916DBA263B714900C097E3 /* SceneDelegate.swift */,
				A0048A00263B9EDB008F5BF2 /* Model */,
				A00489F2263B9C08008F5BF2 /* View */,
				A0A2649B263BA0E4007C5101 /* Resources */,
				A0916DBE263B714A00C097E3 /* Assets.xcassets */,
				A0916DC3263B714A00C097E3 /* LaunchScreen.storyboard */,
				A0916DC6263B714A00C097E3 /* Info.plist */,
				A0916DC0263B714A00C097E3 /* Preview Content */,
			);
			path = StackOverflowList;
			sourceTree = "<group>";
		};
		A0916DC0263B714A00C097E3 /* Preview Content */ = {
			isa = PBXGroup;
			children = (
				A0916DC1263B714A00C097E3 /* Preview Assets.xcassets */,
			);
			path = "Preview Content";
			sourceTree = "<group>";
		};
		A0916DCE263B714B00C097E3 /* StackOverflowListTests */ = {
			isa = PBXGroup;
			children = (
				A0916DCF263B714B00C097E3 /* StackOverflowListTests.swift */,
				A0916DD1263B714B00C097E3 /* Info.plist */,
			);
			path = StackOverflowListTests;
			sourceTree = "<group>";
		};
		A0916DD9263B714B00C097E3 /* StackOverflowListUITests */ = {
			isa = PBXGroup;
			children = (
				A0916DDA263B714B00C097E3 /* StackOverflowListUITests.swift */,
				A0916DDC263B714B00C097E3 /* Info.plist */,
			);
			path = StackOverflowListUITests;
			sourceTree = "<group>";
		};
		A0A2649B263BA0E4007C5101 /* Resources */ = {
			isa = PBXGroup;
			children = (
				A0A2649E263BA8CA007C5101 /* data.json */,
			);
			path = Resources;
			sourceTree = "<group>";
		};
/* End PBXGroup section */

/* Begin PBXNativeTarget section */
		A0916DB4263B714900C097E3 /* StackOverflowList */ = {
			isa = PBXNativeTarget;
			buildConfigurationList = A0916DDF263B714B00C097E3 /* Build configuration list for PBXNativeTarget "StackOverflowList" */;
			buildPhases = (
				A0916DB1263B714900C097E3 /* Sources */,
				A0916DB2263B714900C097E3 /* Frameworks */,
				A0916DB3263B714900C097E3 /* Resources */,
			);
			buildRules = (
			);
			dependencies = (
			);
			name = StackOverflowList;
			productName = StackOverflowList;
			productReference = A0916DB5263B714900C097E3 /* StackOverflowList.app */;
			productType = "com.apple.product-type.application";
		};
		A0916DCA263B714B00C097E3 /* StackOverflowListTests */ = {
			isa = PBXNativeTarget;
			buildConfigurationList = A0916DE2263B714B00C097E3 /* Build configuration list for PBXNativeTarget "StackOverflowListTests" */;
			buildPhases = (
				A0916DC7263B714B00C097E3 /* Sources */,
				A0916DC8263B714B00C097E3 /* Frameworks */,
				A0916DC9263B714B00C097E3 /* Resources */,
			);
			buildRules = (
			);
			dependencies = (
				A0916DCD263B714B00C097E3 /* PBXTargetDependency */,
			);
			name = StackOverflowListTests;
			productName = StackOverflowListTests;
			productReference = A0916DCB263B714B00C097E3 /* StackOverflowListTests.xctest */;
			productType = "com.apple.product-type.bundle.unit-test";
		};
		A0916DD5263B714B00C097E3 /* StackOverflowListUITests */ = {
			isa = PBXNativeTarget;
			buildConfigurationList = A0916DE5263B714B00C097E3 /* Build configuration list for PBXNativeTarget "StackOverflowListUITests" */;
			buildPhases = (
				A0916DD2263B714B00C097E3 /* Sources */,
				A0916DD3263B714B00C097E3 /* Frameworks */,
				A0916DD4263B714B00C097E3 /* Resources */,
			);
			buildRules = (
			);
			dependencies = (
				A0916DD8263B714B00C097E3 /* PBXTargetDependency */,
			);
			name = StackOverflowListUITests;
			productName = StackOverflowListUITests;
			productReference = A0916DD6263B714B00C097E3 /* StackOverflowListUITests.xctest */;
			productType = "com.apple.product-type.bundle.ui-testing";
		};
/* End PBXNativeTarget section */

/* Begin PBXProject section */
		A0916DAD263B714900C097E3 /* Project object */ = {
			isa = PBXProject;
			attributes = {
				LastSwiftUpdateCheck = 1240;
				LastUpgradeCheck = 1240;
				TargetAttributes = {
					A0916DB4263B714900C097E3 = {
						CreatedOnToolsVersion = 12.4;
					};
					A0916DCA263B714B00C097E3 = {
						CreatedOnToolsVersion = 12.4;
						TestTargetID = A0916DB4263B714900C097E3;
					};
					A0916DD5263B714B00C097E3 = {
						CreatedOnToolsVersion = 12.4;
						TestTargetID = A0916DB4263B714900C097E3;
					};
				};
			};
			buildConfigurationList = A0916DB0263B714900C097E3 /* Build configuration list for PBXProject "StackOverflowList" */;
			compatibilityVersion = "Xcode 9.3";
			developmentRegion = en;
			hasScannedForEncodings = 0;
			knownRegions = (
				en,
				Base,
			);
			mainGroup = A0916DAC263B714900C097E3;
			productRefGroup = A0916DB6263B714900C097E3 /* Products */;
			projectDirPath = "";
			projectRoot = "";
			targets = (
				A0916DB4263B714900C097E3 /* StackOverflowList */,
				A0916DCA263B714B00C097E3 /* StackOverflowListTests */,
				A0916DD5263B714B00C097E3 /* StackOverflowListUITests */,
			);
		};
/* End PBXProject section */

/* Begin PBXResourcesBuildPhase section */
		A0916DB3263B714900C097E3 /* Resources */ = {
			isa = PBXResourcesBuildPhase;
			buildActionMask = 2147483647;
			files = (
				A0916DC5263B714A00C097E3 /* LaunchScreen.storyboard in Resources */,
				A0916DC2263B714A00C097E3 /* Preview Assets.xcassets in Resources */,
				A0916DBF263B714A00C097E3 /* Assets.xcassets in Resources */,
				A0A2649F263BA8CA007C5101 /* data.json in Resources */,
			);
			runOnlyForDeploymentPostprocessing = 0;
		};
		A0916DC9263B714B00C097E3 /* Resources */ = {
			isa = PBXResourcesBuildPhase;
			buildActionMask = 2147483647;
			files = (
			);
			runOnlyForDeploymentPostprocessing = 0;
		};
		A0916DD4263B714B00C097E3 /* Resources */ = {
			isa = PBXResourcesBuildPhase;
			buildActionMask = 2147483647;
			files = (
			);
			runOnlyForDeploymentPostprocessing = 0;
		};
/* End PBXResourcesBuildPhase section */

/* Begin PBXSourcesBuildPhase section */
		A0916DB1263B714900C097E3 /* Sources */ = {
			isa = PBXSourcesBuildPhase;
			buildActionMask = 2147483647;
			files = (
				A00489F4263B9C2E008F5BF2 /* ListView.swift in Sources */,
				A0916DB9263B714900C097E3 /* AppDelegate.swift in Sources */,
				A0048A02263B9EFE008F5BF2 /* StackOverflowData.swift in Sources */,
				A0916DBB263B714900C097E3 /* SceneDelegate.swift in Sources */,
				A00489FC263B9E9B008F5BF2 /* Row.swift in Sources */,
				A0916DBD263B714900C097E3 /* ContentView.swift in Sources */,
				A0A2649A263BA0A3007C5101 /* ModelData.swift in Sources */,
			);
			runOnlyForDeploymentPostprocessing = 0;
		};
		A0916DC7263B714B00C097E3 /* Sources */ = {
			isa = PBXSourcesBuildPhase;
			buildActionMask = 2147483647;
			files = (
				A0916DD0263B714B00C097E3 /* StackOverflowListTests.swift in Sources */,
			);
			runOnlyForDeploymentPostprocessing = 0;
		};
		A0916DD2263B714B00C097E3 /* Sources */ = {
			isa = PBXSourcesBuildPhase;
			buildActionMask = 2147483647;
			files = (
				A0916DDB263B714B00C097E3 /* StackOverflowListUITests.swift in Sources */,
			);
			runOnlyForDeploymentPostprocessing = 0;
		};
/* End PBXSourcesBuildPhase section */

/* Begin PBXTargetDependency section */
		A0916DCD263B714B00C097E3 /* PBXTargetDependency */ = {
			isa = PBXTargetDependency;
			target = A0916DB4263B714900C097E3 /* StackOverflowList */;
			targetProxy = A0916DCC263B714B00C097E3 /* PBXContainerItemProxy */;
		};
		A0916DD8263B714B00C097E3 /* PBXTargetDependency */ = {
			isa = PBXTargetDependency;
			target = A0916DB4263B714900C097E3 /* StackOverflowList */;
			targetProxy = A0916DD7263B714B00C097E3 /* PBXContainerItemProxy */;
		};
/* End PBXTargetDependency section */

/* Begin PBXVariantGroup section */
		A0916DC3263B714A00C097E3 /* LaunchScreen.storyboard */ = {
			isa = PBXVariantGroup;
			children = (
				A0916DC4263B714A00C097E3 /* Base */,
			);
			name = LaunchScreen.storyboard;
			sourceTree = "<group>";
		};
/* End PBXVariantGroup section */

/* Begin XCBuildConfiguration section */
		A0916DDD263B714B00C097E3 /* Debug */ = {
			isa = XCBuildConfiguration;
			buildSettings = {
				ALWAYS_SEARCH_USER_PATHS = NO;
				CLANG_ANALYZER_NONNULL = YES;
				CLANG_ANALYZER_NUMBER_OBJECT_CONVERSION = YES_AGGRESSIVE;
				CLANG_CXX_LANGUAGE_STANDARD = "gnu++14";
				CLANG_CXX_LIBRARY = "libc++";
				CLANG_ENABLE_MODULES = YES;
				CLANG_ENABLE_OBJC_ARC = YES;
				CLANG_ENABLE_OBJC_WEAK = YES;
				CLANG_WARN_BLOCK_CAPTURE_AUTORELEASING = YES;
				CLANG_WARN_BOOL_CONVERSION = YES;
				CLANG_WARN_COMMA = YES;
				CLANG_WARN_CONSTANT_CONVERSION = YES;
				CLANG_WARN_DEPRECATED_OBJC_IMPLEMENTATIONS = YES;
				CLANG_WARN_DIRECT_OBJC_ISA_USAGE = YES_ERROR;
				CLANG_WARN_DOCUMENTATION_COMMENTS = YES;
				CLANG_WARN_EMPTY_BODY = YES;
				CLANG_WARN_ENUM_CONVERSION = YES;
				CLANG_WARN_INFINITE_RECURSION = YES;
				CLANG_WARN_INT_CONVERSION = YES;
				CLANG_WARN_NON_LITERAL_NULL_CONVERSION = YES;
				CLANG_WARN_OBJC_IMPLICIT_RETAIN_SELF = YES;
				CLANG_WARN_OBJC_LITERAL_CONVERSION = YES;
				CLANG_WARN_OBJC_ROOT_CLASS = YES_ERROR;
				CLANG_WARN_QUOTED_INCLUDE_IN_FRAMEWORK_HEADER = YES;
				CLANG_WARN_RANGE_LOOP_ANALYSIS = YES;
				CLANG_WARN_STRICT_PROTOTYPES = YES;
				CLANG_WARN_SUSPICIOUS_MOVE = YES;
				CLANG_WARN_UNGUARDED_AVAILABILITY = YES_AGGRESSIVE;
				CLANG_WARN_UNREACHABLE_CODE = YES;
				CLANG_WARN__DUPLICATE_METHOD_MATCH = YES;
				COPY_PHASE_STRIP = NO;
				DEBUG_INFORMATION_FORMAT = dwarf;
				ENABLE_STRICT_OBJC_MSGSEND = YES;
				ENABLE_TESTABILITY = YES;
				GCC_C_LANGUAGE_STANDARD = gnu11;
				GCC_DYNAMIC_NO_PIC = NO;
				GCC_NO_COMMON_BLOCKS = YES;
				GCC_OPTIMIZATION_LEVEL = 0;
				GCC_PREPROCESSOR_DEFINITIONS = (
					"DEBUG=1",
					"$(inherited)",
				);
				GCC_WARN_64_TO_32_BIT_CONVERSION = YES;
				GCC_WARN_ABOUT_RETURN_TYPE = YES_ERROR;
				GCC_WARN_UNDECLARED_SELECTOR = YES;
				GCC_WARN_UNINITIALIZED_AUTOS = YES_AGGRESSIVE;
				GCC_WARN_UNUSED_FUNCTION = YES;
				GCC_WARN_UNUSED_VARIABLE = YES;
				IPHONEOS_DEPLOYMENT_TARGET = 14.4;
				MTL_ENABLE_DEBUG_INFO = INCLUDE_SOURCE;
				MTL_FAST_MATH = YES;
				ONLY_ACTIVE_ARCH = YES;
				SDKROOT = iphoneos;
				SWIFT_ACTIVE_COMPILATION_CONDITIONS = DEBUG;
				SWIFT_OPTIMIZATION_LEVEL = "-Onone";
			};
			name = Debug;
		};
		A0916DDE263B714B00C097E3 /* Release */ = {
			isa = XCBuildConfiguration;
			buildSettings = {
				ALWAYS_SEARCH_USER_PATHS = NO;
				CLANG_ANALYZER_NONNULL = YES;
				CLANG_ANALYZER_NUMBER_OBJECT_CONVERSION = YES_AGGRESSIVE;
				CLANG_CXX_LANGUAGE_STANDARD = "gnu++14";
				CLANG_CXX_LIBRARY = "libc++";
				CLANG_ENABLE_MODULES = YES;
				CLANG_ENABLE_OBJC_ARC = YES;
				CLANG_ENABLE_OBJC_WEAK = YES;
				CLANG_WARN_BLOCK_CAPTURE_AUTORELEASING = YES;
				CLANG_WARN_BOOL_CONVERSION = YES;
				CLANG_WARN_COMMA = YES;
				CLANG_WARN_CONSTANT_CONVERSION = YES;
				CLANG_WARN_DEPRECATED_OBJC_IMPLEMENTATIONS = YES;
				CLANG_WARN_DIRECT_OBJC_ISA_USAGE = YES_ERROR;
				CLANG_WARN_DOCUMENTATION_COMMENTS = YES;
				CLANG_WARN_EMPTY_BODY = YES;
				CLANG_WARN_ENUM_CONVERSION = YES;
				CLANG_WARN_INFINITE_RECURSION = YES;
				CLANG_WARN_INT_CONVERSION = YES;
				CLANG_WARN_NON_LITERAL_NULL_CONVERSION = YES;
				CLANG_WARN_OBJC_IMPLICIT_RETAIN_SELF = YES;
				CLANG_WARN_OBJC_LITERAL_CONVERSION = YES;
				CLANG_WARN_OBJC_ROOT_CLASS = YES_ERROR;
				CLANG_WARN_QUOTED_INCLUDE_IN_FRAMEWORK_HEADER = YES;
				CLANG_WARN_RANGE_LOOP_ANALYSIS = YES;
				CLANG_WARN_STRICT_PROTOTYPES = YES;
				CLANG_WARN_SUSPICIOUS_MOVE = YES;
				CLANG_WARN_UNGUARDED_AVAILABILITY = YES_AGGRESSIVE;
				CLANG_WARN_UNREACHABLE_CODE = YES;
				CLANG_WARN__DUPLICATE_METHOD_MATCH = YES;
				COPY_PHASE_STRIP = NO;
				DEBUG_INFORMATION_FORMAT = "dwarf-with-dsym";
				ENABLE_NS_ASSERTIONS = NO;
				ENABLE_STRICT_OBJC_MSGSEND = YES;
				GCC_C_LANGUAGE_STANDARD = gnu11;
				GCC_NO_COMMON_BLOCKS = YES;
				GCC_WARN_64_TO_32_BIT_CONVERSION = YES;
				GCC_WARN_ABOUT_RETURN_TYPE = YES_ERROR;
				GCC_WARN_UNDECLARED_SELECTOR = YES;
				GCC_WARN_UNINITIALIZED_AUTOS = YES_AGGRESSIVE;
				GCC_WARN_UNUSED_FUNCTION = YES;
				GCC_WARN_UNUSED_VARIABLE = YES;
				IPHONEOS_DEPLOYMENT_TARGET = 14.4;
				MTL_ENABLE_DEBUG_INFO = NO;
				MTL_FAST_MATH = YES;
				SDKROOT = iphoneos;
				SWIFT_COMPILATION_MODE = wholemodule;
				SWIFT_OPTIMIZATION_LEVEL = "-O";
				VALIDATE_PRODUCT = YES;
			};
			name = Release;
		};
		A0916DE0263B714B00C097E3 /* Debug */ = {
			isa = XCBuildConfiguration;
			buildSettings = {
				ASSETCATALOG_COMPILER_APPICON_NAME = AppIcon;
				ASSETCATALOG_COMPILER_GLOBAL_ACCENT_COLOR_NAME = AccentColor;
				CODE_SIGN_STYLE = Automatic;
				DEVELOPMENT_ASSET_PATHS = "\"StackOverflowList/Preview Content\"";
				DEVELOPMENT_TEAM = RN688WFT3X;
				ENABLE_PREVIEWS = YES;
				INFOPLIST_FILE = StackOverflowList/Info.plist;
				IPHONEOS_DEPLOYMENT_TARGET = 13.0;
				LD_RUNPATH_SEARCH_PATHS = (
					"$(inherited)",
					"@executable_path/Frameworks",
				);
				PRODUCT_BUNDLE_IDENTIFIER = com.rikuyasui.combine.StackOverFlow.StackOverflowList;
				PRODUCT_NAME = "$(TARGET_NAME)";
				SWIFT_VERSION = 5.0;
				TARGETED_DEVICE_FAMILY = "1,2";
			};
			name = Debug;
		};
		A0916DE1263B714B00C097E3 /* Release */ = {
			isa = XCBuildConfiguration;
			buildSettings = {
				ASSETCATALOG_COMPILER_APPICON_NAME = AppIcon;
				ASSETCATALOG_COMPILER_GLOBAL_ACCENT_COLOR_NAME = AccentColor;
				CODE_SIGN_STYLE = Automatic;
				DEVELOPMENT_ASSET_PATHS = "\"StackOverflowList/Preview Content\"";
				DEVELOPMENT_TEAM = RN688WFT3X;
				ENABLE_PREVIEWS = YES;
				INFOPLIST_FILE = StackOverflowList/Info.plist;
				IPHONEOS_DEPLOYMENT_TARGET = 13.0;
				LD_RUNPATH_SEARCH_PATHS = (
					"$(inherited)",
					"@executable_path/Frameworks",
				);
				PRODUCT_BUNDLE_IDENTIFIER = com.rikuyasui.combine.StackOverFlow.StackOverflowList;
				PRODUCT_NAME = "$(TARGET_NAME)";
				SWIFT_VERSION = 5.0;
				TARGETED_DEVICE_FAMILY = "1,2";
			};
			name = Release;
		};
		A0916DE3263B714B00C097E3 /* Debug */ = {
			isa = XCBuildConfiguration;
			buildSettings = {
				ALWAYS_EMBED_SWIFT_STANDARD_LIBRARIES = YES;
				BUNDLE_LOADER = "$(TEST_HOST)";
				CODE_SIGN_STYLE = Automatic;
				DEVELOPMENT_TEAM = RN688WFT3X;
				INFOPLIST_FILE = StackOverflowListTests/Info.plist;
				IPHONEOS_DEPLOYMENT_TARGET = 14.4;
				LD_RUNPATH_SEARCH_PATHS = (
					"$(inherited)",
					"@executable_path/Frameworks",
					"@loader_path/Frameworks",
				);
				PRODUCT_BUNDLE_IDENTIFIER = com.rikuyasui.combine.StackOverFlow.StackOverflowListTests;
				PRODUCT_NAME = "$(TARGET_NAME)";
				SWIFT_VERSION = 5.0;
				TARGETED_DEVICE_FAMILY = "1,2";
				TEST_HOST = "$(BUILT_PRODUCTS_DIR)/StackOverflowList.app/StackOverflowList";
			};
			name = Debug;
		};
		A0916DE4263B714B00C097E3 /* Release */ = {
			isa = XCBuildConfiguration;
			buildSettings = {
				ALWAYS_EMBED_SWIFT_STANDARD_LIBRARIES = YES;
				BUNDLE_LOADER = "$(TEST_HOST)";
				CODE_SIGN_STYLE = Automatic;
				DEVELOPMENT_TEAM = RN688WFT3X;
				INFOPLIST_FILE = StackOverflowListTests/Info.plist;
				IPHONEOS_DEPLOYMENT_TARGET = 14.4;
				LD_RUNPATH_SEARCH_PATHS = (
					"$(inherited)",
					"@executable_path/Frameworks",
					"@loader_path/Frameworks",
				);
				PRODUCT_BUNDLE_IDENTIFIER = com.rikuyasui.combine.StackOverFlow.StackOverflowListTests;
				PRODUCT_NAME = "$(TARGET_NAME)";
				SWIFT_VERSION = 5.0;
				TARGETED_DEVICE_FAMILY = "1,2";
				TEST_HOST = "$(BUILT_PRODUCTS_DIR)/StackOverflowList.app/StackOverflowList";
			};
			name = Release;
		};
		A0916DE6263B714B00C097E3 /* Debug */ = {
			isa = XCBuildConfiguration;
			buildSettings = {
				ALWAYS_EMBED_SWIFT_STANDARD_LIBRARIES = YES;
				CODE_SIGN_STYLE = Automatic;
				DEVELOPMENT_TEAM = RN688WFT3X;
				INFOPLIST_FILE = StackOverflowListUITests/Info.plist;
				LD_RUNPATH_SEARCH_PATHS = (
					"$(inherited)",
					"@executable_path/Frameworks",
					"@loader_path/Frameworks",
				);
				PRODUCT_BUNDLE_IDENTIFIER = com.rikuyasui.combine.StackOverFlow.StackOverflowListUITests;
				PRODUCT_NAME = "$(TARGET_NAME)";
				SWIFT_VERSION = 5.0;
				TARGETED_DEVICE_FAMILY = "1,2";
				TEST_TARGET_NAME = StackOverflowList;
			};
			name = Debug;
		};
		A0916DE7263B714B00C097E3 /* Release */ = {
			isa = XCBuildConfiguration;
			buildSettings = {
				ALWAYS_EMBED_SWIFT_STANDARD_LIBRARIES = YES;
				CODE_SIGN_STYLE = Automatic;
				DEVELOPMENT_TEAM = RN688WFT3X;
				INFOPLIST_FILE = StackOverflowListUITests/Info.plist;
				LD_RUNPATH_SEARCH_PATHS = (
					"$(inherited)",
					"@executable_path/Frameworks",
					"@loader_path/Frameworks",
				);
				PRODUCT_BUNDLE_IDENTIFIER = com.rikuyasui.combine.StackOverFlow.StackOverflowListUITests;
				PRODUCT_NAME = "$(TARGET_NAME)";
				SWIFT_VERSION = 5.0;
				TARGETED_DEVICE_FAMILY = "1,2";
				TEST_TARGET_NAME = StackOverflowList;
			};
			name = Release;
		};
/* End XCBuildConfiguration section */

/* Begin XCConfigurationList section */
		A0916DB0263B714900C097E3 /* Build configuration list for PBXProject "StackOverflowList" */ = {
			isa = XCConfigurationList;
			buildConfigurations = (
				A0916DDD263B714B00C097E3 /* Debug */,
				A0916DDE263B714B00C097E3 /* Release */,
			);
			defaultConfigurationIsVisible = 0;
			defaultConfigurationName = Release;
		};
		A0916DDF263B714B00C097E3 /* Build configuration list for PBXNativeTarget "StackOverflowList" */ = {
			isa = XCConfigurationList;
			buildConfigurations = (
				A0916DE0263B714B00C097E3 /* Debug */,
				A0916DE1263B714B00C097E3 /* Release */,
			);
			defaultConfigurationIsVisible = 0;
			defaultConfigurationName = Release;
		};
		A0916DE2263B714B00C097E3 /* Build configuration list for PBXNativeTarget "StackOverflowListTests" */ = {
			isa = XCConfigurationList;
			buildConfigurations = (
				A0916DE3263B714B00C097E3 /* Debug */,
				A0916DE4263B714B00C097E3 /* Release */,
			);
			defaultConfigurationIsVisible = 0;
			defaultConfigurationName = Release;
		};
		A0916DE5263B714B00C097E3 /* Build configuration list for PBXNativeTarget "StackOverflowListUITests" */ = {
			isa = XCConfigurationList;
			buildConfigurations = (
				A0916DE6263B714B00C097E3 /* Debug */,
				A0916DE7263B714B00C097E3 /* Release */,
			);
			defaultConfigurationIsVisible = 0;
			defaultConfigurationName = Release;
		};
/* End XCConfigurationList section */
	};
	rootObject = A0916DAD263B714900C097E3 /* Project object */;
}
