// !$*UTF8*$!
{
	archiveVersion = 1;
	classes = {
	};
	objectVersion = 50;
	objects = {

/* Begin PBXBuildFile section */
		A08C564F263CE3AA0016E171 /* StackOverflowDatas.swift in Sources */ = {isa = PBXBuildFile; fileRef = A08C564E263CE3AA0016E171 /* StackOverflowDatas.swift */; };
		A08C5651263CE6110016E171 /* CustomTableViewCell.xib in Resources */ = {isa = PBXBuildFile; fileRef = A08C5650263CE6110016E171 /* CustomTableViewCell.xib */; };
		A08C5653263CE6B50016E171 /* CustomTableViewCell.swift in Sources */ = {isa = PBXBuildFile; fileRef = A08C5652263CE6B50016E171 /* CustomTableViewCell.swift */; };
		A0916D2C263B6F1E00C097E3 /* AppDelegate.swift in Sources */ = {isa = PBXBuildFile; fileRef = A0916D2B263B6F1E00C097E3 /* AppDelegate.swift */; };
		A0916D2E263B6F1E00C097E3 /* SceneDelegate.swift in Sources */ = {isa = PBXBuildFile; fileRef = A0916D2D263B6F1E00C097E3 /* SceneDelegate.swift */; };
		A0916D30263B6F1E00C097E3 /* ViewController.swift in Sources */ = {isa = PBXBuildFile; fileRef = A0916D2F263B6F1E00C097E3 /* ViewController.swift */; };
		A0916D33263B6F1E00C097E3 /* Main.storyboard in Resources */ = {isa = PBXBuildFile; fileRef = A0916D31263B6F1E00C097E3 /* Main.storyboard */; };
		A0916D35263B6F1F00C097E3 /* Assets.xcassets in Resources */ = {isa = PBXBuildFile; fileRef = A0916D34263B6F1F00C097E3 /* Assets.xcassets */; };
		A0916D38263B6F1F00C097E3 /* LaunchScreen.storyboard in Resources */ = {isa = PBXBuildFile; fileRef = A0916D36263B6F1F00C097E3 /* LaunchScreen.storyboard */; };
		A0916D43263B6F1F00C097E3 /* StackOverflowListTests.swift in Sources */ = {isa = PBXBuildFile; fileRef = A0916D42263B6F1F00C097E3 /* StackOverflowListTests.swift */; };
		A0916D4E263B6F1F00C097E3 /* StackOverflowListUITests.swift in Sources */ = {isa = PBXBuildFile; fileRef = A0916D4D263B6F1F00C097E3 /* StackOverflowListUITests.swift */; };
/* End PBXBuildFile section */

/* Begin PBXContainerItemProxy section */
		A0916D3F263B6F1F00C097E3 /* PBXContainerItemProxy */ = {
			isa = PBXContainerItemProxy;
			containerPortal = A0916D20263B6F1E00C097E3 /* Project object */;
			proxyType = 1;
			remoteGlobalIDString = A0916D27263B6F1E00C097E3;
			remoteInfo = StackOverflowList;
		};
		A0916D4A263B6F1F00C097E3 /* PBXContainerItemProxy */ = {
			isa = PBXContainerItemProxy;
			containerPortal = A0916D20263B6F1E00C097E3 /* Project object */;
			proxyType = 1;
			remoteGlobalIDString = A0916D27263B6F1E00C097E3;
			remoteInfo = StackOverflowList;
		};
/* End PBXContainerItemProxy section */

/* Begin PBXFileReference section */
		A08C564E263CE3AA0016E171 /* StackOverflowDatas.swift */ = {isa = PBXFileReference; lastKnownFileType = sourcecode.swift; path = StackOverflowDatas.swift; sourceTree = "<group>"; };
		A08C5650263CE6110016E171 /* CustomTableViewCell.xib */ = {isa = PBXFileReference; lastKnownFileType = file.xib; path = CustomTableViewCell.xib; sourceTree = "<group>"; };
		A08C5652263CE6B50016E171 /* CustomTableViewCell.swift */ = {isa = PBXFileReference; lastKnownFileType = sourcecode.swift; path = CustomTableViewCell.swift; sourceTree = "<group>"; };
		A0916D28263B6F1E00C097E3 /* StackOverflowList.app */ = {isa = PBXFileReference; explicitFileType = wrapper.application; includeInIndex = 0; path = StackOverflowList.app; sourceTree = BUILT_PRODUCTS_DIR; };
		A0916D2B263B6F1E00C097E3 /* AppDelegate.swift */ = {isa = PBXFileReference; lastKnownFileType = sourcecode.swift; path = AppDelegate.swift; sourceTree = "<group>"; };
		A0916D2D263B6F1E00C097E3 /* SceneDelegate.swift */ = {isa = PBXFileReference; lastKnownFileType = sourcecode.swift; path = SceneDelegate.swift; sourceTree = "<group>"; };
		A0916D2F263B6F1E00C097E3 /* ViewController.swift */ = {isa = PBXFileReference; lastKnownFileType = sourcecode.swift; path = ViewController.swift; sourceTree = "<group>"; };
		A0916D32263B6F1E00C097E3 /* Base */ = {isa = PBXFileReference; lastKnownFileType = file.storyboard; name = Base; path = Base.lproj/Main.storyboard; sourceTree = "<group>"; };
		A0916D34263B6F1F00C097E3 /* Assets.xcassets */ = {isa = PBXFileReference; lastKnownFileType = folder.assetcatalog; path = Assets.xcassets; sourceTree = "<group>"; };
		A0916D37263B6F1F00C097E3 /* Base */ = {isa = PBXFileReference; lastKnownFileType = file.storyboard; name = Base; path = Base.lproj/LaunchScreen.storyboard; sourceTree = "<group>"; };
		A0916D39263B6F1F00C097E3 /* Info.plist */ = {isa = PBXFileReference; lastKnownFileType = text.plist.xml; path = Info.plist; sourceTree = "<group>"; };
		A0916D3E263B6F1F00C097E3 /* StackOverflowListTests.xctest */ = {isa = PBXFileReference; explicitFileType = wrapper.cfbundle; includeInIndex = 0; path = StackOverflowListTests.xctest; sourceTree = BUILT_PRODUCTS_DIR; };
		A0916D42263B6F1F00C097E3 /* StackOverflowListTests.swift */ = {isa = PBXFileReference; lastKnownFileType = sourcecode.swift; path = StackOverflowListTests.swift; sourceTree = "<group>"; };
		A0916D44263B6F1F00C097E3 /* Info.plist */ = {isa = PBXFileReference; lastKnownFileType = text.plist.xml; path = Info.plist; sourceTree = "<group>"; };
		A0916D49263B6F1F00C097E3 /* StackOverflowListUITests.xctest */ = {isa = PBXFileReference; explicitFileType = wrapper.cfbundle; includeInIndex = 0; path = StackOverflowListUITests.xctest; sourceTree = BUILT_PRODUCTS_DIR; };
		A0916D4D263B6F1F00C097E3 /* StackOverflowListUITests.swift */ = {isa = PBXFileReference; lastKnownFileType = sourcecode.swift; path = StackOverflowListUITests.swift; sourceTree = "<group>"; };
		A0916D4F263B6F1F00C097E3 /* Info.plist */ = {isa = PBXFileReference; lastKnownFileType = text.plist.xml; path = Info.plist; sourceTree = "<group>"; };
/* End PBXFileReference section */

/* Begin PBXFrameworksBuildPhase section */
		A0916D25263B6F1E00C097E3 /* Frameworks */ = {
			isa = PBXFrameworksBuildPhase;
			buildActionMask = 2147483647;
			files = (
			);
			runOnlyForDeploymentPostprocessing = 0;
		};
		A0916D3B263B6F1F00C097E3 /* Frameworks */ = {
			isa = PBXFrameworksBuildPhase;
			buildActionMask = 2147483647;
			files = (
			);
			runOnlyForDeploymentPostprocessing = 0;
		};
		A0916D46263B6F1F00C097E3 /* Frameworks */ = {
			isa = PBXFrameworksBuildPhase;
			buildActionMask = 2147483647;
			files = (
			);
			runOnlyForDeploymentPostprocessing = 0;
		};
/* End PBXFrameworksBuildPhase section */

/* Begin PBXGroup section */
		A0916D1F263B6F1E00C097E3 = {
			isa = PBXGroup;
			children = (
				A0916D2A263B6F1E00C097E3 /* StackOverflowList */,
				A0916D41263B6F1F00C097E3 /* StackOverflowListTests */,
				A0916D4C263B6F1F00C097E3 /* StackOverflowListUITests */,
				A0916D29263B6F1E00C097E3 /* Products */,
			);
			sourceTree = "<group>";
		};
		A0916D29263B6F1E00C097E3 /* Products */ = {
			isa = PBXGroup;
			children = (
				A0916D28263B6F1E00C097E3 /* StackOverflowList.app */,
				A0916D3E263B6F1F00C097E3 /* StackOverflowListTests.xctest */,
				A0916D49263B6F1F00C097E3 /* StackOverflowListUITests.xctest */,
			);
			name = Products;
			sourceTree = "<group>";
		};
		A0916D2A263B6F1E00C097E3 /* StackOverflowList */ = {
			isa = PBXGroup;
			children = (
				A0916D2B263B6F1E00C097E3 /* AppDelegate.swift */,
				A0916D2D263B6F1E00C097E3 /* SceneDelegate.swift */,
				A08C5650263CE6110016E171 /* CustomTableViewCell.xib */,
				A08C5652263CE6B50016E171 /* CustomTableViewCell.swift */,
				A08C564E263CE3AA0016E171 /* StackOverflowDatas.swift */,
				A0916D2F263B6F1E00C097E3 /* ViewController.swift */,
				A0916D31263B6F1E00C097E3 /* Main.storyboard */,
				A0916D34263B6F1F00C097E3 /* Assets.xcassets */,
				A0916D36263B6F1F00C097E3 /* LaunchScreen.storyboard */,
				A0916D39263B6F1F00C097E3 /* Info.plist */,
			);
			path = StackOverflowList;
			sourceTree = "<group>";
		};
		A0916D41263B6F1F00C097E3 /* StackOverflowListTests */ = {
			isa = PBXGroup;
			children = (
				A0916D42263B6F1F00C097E3 /* StackOverflowListTests.swift */,
				A0916D44263B6F1F00C097E3 /* Info.plist */,
			);
			path = StackOverflowListTests;
			sourceTree = "<group>";
		};
		A0916D4C263B6F1F00C097E3 /* StackOverflowListUITests */ = {
			isa = PBXGroup;
			children = (
				A0916D4D263B6F1F00C097E3 /* StackOverflowListUITests.swift */,
				A0916D4F263B6F1F00C097E3 /* Info.plist */,
			);
			path = StackOverflowListUITests;
			sourceTree = "<group>";
		};
/* End PBXGroup section */

/* Begin PBXNativeTarget section */
		A0916D27263B6F1E00C097E3 /* StackOverflowList */ = {
			isa = PBXNativeTarget;
			buildConfigurationList = A0916D52263B6F1F00C097E3 /* Build configuration list for PBXNativeTarget "StackOverflowList" */;
			buildPhases = (
				A0916D24263B6F1E00C097E3 /* Sources */,
				A0916D25263B6F1E00C097E3 /* Frameworks */,
				A0916D26263B6F1E00C097E3 /* Resources */,
			);
			buildRules = (
			);
			dependencies = (
			);
			name = StackOverflowList;
			productName = StackOverflowList;
			productReference = A0916D28263B6F1E00C097E3 /* StackOverflowList.app */;
			productType = "com.apple.product-type.application";
		};
		A0916D3D263B6F1F00C097E3 /* StackOverflowListTests */ = {
			isa = PBXNativeTarget;
			buildConfigurationList = A0916D55263B6F1F00C097E3 /* Build configuration list for PBXNativeTarget "StackOverflowListTests" */;
			buildPhases = (
				A0916D3A263B6F1F00C097E3 /* Sources */,
				A0916D3B263B6F1F00C097E3 /* Frameworks */,
				A0916D3C263B6F1F00C097E3 /* Resources */,
			);
			buildRules = (
			);
			dependencies = (
				A0916D40263B6F1F00C097E3 /* PBXTargetDependency */,
			);
			name = StackOverflowListTests;
			productName = StackOverflowListTests;
			productReference = A0916D3E263B6F1F00C097E3 /* StackOverflowListTests.xctest */;
			productType = "com.apple.product-type.bundle.unit-test";
		};
		A0916D48263B6F1F00C097E3 /* StackOverflowListUITests */ = {
			isa = PBXNativeTarget;
			buildConfigurationList = A0916D58263B6F1F00C097E3 /* Build configuration list for PBXNativeTarget "StackOverflowListUITests" */;
			buildPhases = (
				A0916D45263B6F1F00C097E3 /* Sources */,
				A0916D46263B6F1F00C097E3 /* Frameworks */,
				A0916D47263B6F1F00C097E3 /* Resources */,
			);
			buildRules = (
			);
			dependencies = (
				A0916D4B263B6F1F00C097E3 /* PBXTargetDependency */,
			);
			name = StackOverflowListUITests;
			productName = StackOverflowListUITests;
			productReference = A0916D49263B6F1F00C097E3 /* StackOverflowListUITests.xctest */;
			productType = "com.apple.product-type.bundle.ui-testing";
		};
/* End PBXNativeTarget section */

/* Begin PBXProject section */
		A0916D20263B6F1E00C097E3 /* Project object */ = {
			isa = PBXProject;
			attributes = {
				LastSwiftUpdateCheck = 1240;
				LastUpgradeCheck = 1240;
				TargetAttributes = {
					A0916D27263B6F1E00C097E3 = {
						CreatedOnToolsVersion = 12.4;
					};
					A0916D3D263B6F1F00C097E3 = {
						CreatedOnToolsVersion = 12.4;
						TestTargetID = A0916D27263B6F1E00C097E3;
					};
					A0916D48263B6F1F00C097E3 = {
						CreatedOnToolsVersion = 12.4;
						TestTargetID = A0916D27263B6F1E00C097E3;
					};
				};
			};
			buildConfigurationList = A0916D23263B6F1E00C097E3 /* Build configuration list for PBXProject "StackOverflowList" */;
			compatibilityVersion = "Xcode 9.3";
			developmentRegion = en;
			hasScannedForEncodings = 0;
			knownRegions = (
				en,
				Base,
			);
			mainGroup = A0916D1F263B6F1E00C097E3;
			productRefGroup = A0916D29263B6F1E00C097E3 /* Products */;
			projectDirPath = "";
			projectRoot = "";
			targets = (
				A0916D27263B6F1E00C097E3 /* StackOverflowList */,
				A0916D3D263B6F1F00C097E3 /* StackOverflowListTests */,
				A0916D48263B6F1F00C097E3 /* StackOverflowListUITests */,
			);
		};
/* End PBXProject section */

/* Begin PBXResourcesBuildPhase section */
		A0916D26263B6F1E00C097E3 /* Resources */ = {
			isa = PBXResourcesBuildPhase;
			buildActionMask = 2147483647;
			files = (
				A0916D38263B6F1F00C097E3 /* LaunchScreen.storyboard in Resources */,
				A0916D35263B6F1F00C097E3 /* Assets.xcassets in Resources */,
				A08C5651263CE6110016E171 /* CustomTableViewCell.xib in Resources */,
				A0916D33263B6F1E00C097E3 /* Main.storyboard in Resources */,
			);
			runOnlyForDeploymentPostprocessing = 0;
		};
		A0916D3C263B6F1F00C097E3 /* Resources */ = {
			isa = PBXResourcesBuildPhase;
			buildActionMask = 2147483647;
			files = (
			);
			runOnlyForDeploymentPostprocessing = 0;
		};
		A0916D47263B6F1F00C097E3 /* Resources */ = {
			isa = PBXResourcesBuildPhase;
			buildActionMask = 2147483647;
			files = (
			);
			runOnlyForDeploymentPostprocessing = 0;
		};
/* End PBXResourcesBuildPhase section */

/* Begin PBXSourcesBuildPhase section */
		A0916D24263B6F1E00C097E3 /* Sources */ = {
			isa = PBXSourcesBuildPhase;
			buildActionMask = 2147483647;
			files = (
				A0916D30263B6F1E00C097E3 /* ViewController.swift in Sources */,
				A08C5653263CE6B50016E171 /* CustomTableViewCell.swift in Sources */,
				A0916D2C263B6F1E00C097E3 /* AppDelegate.swift in Sources */,
				A08C564F263CE3AA0016E171 /* StackOverflowDatas.swift in Sources */,
				A0916D2E263B6F1E00C097E3 /* SceneDelegate.swift in Sources */,
			);
			runOnlyForDeploymentPostprocessing = 0;
		};
		A0916D3A263B6F1F00C097E3 /* Sources */ = {
			isa = PBXSourcesBuildPhase;
			buildActionMask = 2147483647;
			files = (
				A0916D43263B6F1F00C097E3 /* StackOverflowListTests.swift in Sources */,
			);
			runOnlyForDeploymentPostprocessing = 0;
		};
		A0916D45263B6F1F00C097E3 /* Sources */ = {
			isa = PBXSourcesBuildPhase;
			buildActionMask = 2147483647;
			files = (
				A0916D4E263B6F1F00C097E3 /* StackOverflowListUITests.swift in Sources */,
			);
			runOnlyForDeploymentPostprocessing = 0;
		};
/* End PBXSourcesBuildPhase section */

/* Begin PBXTargetDependency section */
		A0916D40263B6F1F00C097E3 /* PBXTargetDependency */ = {
			isa = PBXTargetDependency;
			target = A0916D27263B6F1E00C097E3 /* StackOverflowList */;
			targetProxy = A0916D3F263B6F1F00C097E3 /* PBXContainerItemProxy */;
		};
		A0916D4B263B6F1F00C097E3 /* PBXTargetDependency */ = {
			isa = PBXTargetDependency;
			target = A0916D27263B6F1E00C097E3 /* StackOverflowList */;
			targetProxy = A0916D4A263B6F1F00C097E3 /* PBXContainerItemProxy */;
		};
/* End PBXTargetDependency section */

/* Begin PBXVariantGroup section */
		A0916D31263B6F1E00C097E3 /* Main.storyboard */ = {
			isa = PBXVariantGroup;
			children = (
				A0916D32263B6F1E00C097E3 /* Base */,
			);
			name = Main.storyboard;
			sourceTree = "<group>";
		};
		A0916D36263B6F1F00C097E3 /* LaunchScreen.storyboard */ = {
			isa = PBXVariantGroup;
			children = (
				A0916D37263B6F1F00C097E3 /* Base */,
			);
			name = LaunchScreen.storyboard;
			sourceTree = "<group>";
		};
/* End PBXVariantGroup section */

/* Begin XCBuildConfiguration section */
		A0916D50263B6F1F00C097E3 /* Debug */ = {
			isa = XCBuildConfiguration;
			buildSettings = {
				ALWAYS_SEARCH_USER_PATHS = NO;
				CLANG_ANALYZER_NONNULL = YES;
				CLANG_ANALYZER_NUMBER_OBJECT_CONVERSION = YES_AGGRESSIVE;
				CLANG_CXX_LANGUAGE_STANDARD = "gnu++14";
				CLANG_CXX_LIBRARY = "libc++";
				CLANG_ENABLE_MODULES = YES;
				CLANG_ENABLE_OBJC_ARC = YES;
				CLANG_ENABLE_OBJC_WEAK = YES;
				CLANG_WARN_BLOCK_CAPTURE_AUTORELEASING = YES;
				CLANG_WARN_BOOL_CONVERSION = YES;
				CLANG_WARN_COMMA = YES;
				CLANG_WARN_CONSTANT_CONVERSION = YES;
				CLANG_WARN_DEPRECATED_OBJC_IMPLEMENTATIONS = YES;
				CLANG_WARN_DIRECT_OBJC_ISA_USAGE = YES_ERROR;
				CLANG_WARN_DOCUMENTATION_COMMENTS = YES;
				CLANG_WARN_EMPTY_BODY = YES;
				CLANG_WARN_ENUM_CONVERSION = YES;
				CLANG_WARN_INFINITE_RECURSION = YES;
				CLANG_WARN_INT_CONVERSION = YES;
				CLANG_WARN_NON_LITERAL_NULL_CONVERSION = YES;
				CLANG_WARN_OBJC_IMPLICIT_RETAIN_SELF = YES;
				CLANG_WARN_OBJC_LITERAL_CONVERSION = YES;
				CLANG_WARN_OBJC_ROOT_CLASS = YES_ERROR;
				CLANG_WARN_QUOTED_INCLUDE_IN_FRAMEWORK_HEADER = YES;
				CLANG_WARN_RANGE_LOOP_ANALYSIS = YES;
				CLANG_WARN_STRICT_PROTOTYPES = YES;
				CLANG_WARN_SUSPICIOUS_MOVE = YES;
				CLANG_WARN_UNGUARDED_AVAILABILITY = YES_AGGRESSIVE;
				CLANG_WARN_UNREACHABLE_CODE = YES;
				CLANG_WARN__DUPLICATE_METHOD_MATCH = YES;
				COPY_PHASE_STRIP = NO;
				DEBUG_INFORMATION_FORMAT = dwarf;
				ENABLE_STRICT_OBJC_MSGSEND = YES;
				ENABLE_TESTABILITY = YES;
				GCC_C_LANGUAGE_STANDARD = gnu11;
				GCC_DYNAMIC_NO_PIC = NO;
				GCC_NO_COMMON_BLOCKS = YES;
				GCC_OPTIMIZATION_LEVEL = 0;
				GCC_PREPROCESSOR_DEFINITIONS = (
					"DEBUG=1",
					"$(inherited)",
				);
				GCC_WARN_64_TO_32_BIT_CONVERSION = YES;
				GCC_WARN_ABOUT_RETURN_TYPE = YES_ERROR;
				GCC_WARN_UNDECLARED_SELECTOR = YES;
				GCC_WARN_UNINITIALIZED_AUTOS = YES_AGGRESSIVE;
				GCC_WARN_UNUSED_FUNCTION = YES;
				GCC_WARN_UNUSED_VARIABLE = YES;
				IPHONEOS_DEPLOYMENT_TARGET = 14.4;
				MTL_ENABLE_DEBUG_INFO = INCLUDE_SOURCE;
				MTL_FAST_MATH = YES;
				ONLY_ACTIVE_ARCH = YES;
				SDKROOT = iphoneos;
				SWIFT_ACTIVE_COMPILATION_CONDITIONS = DEBUG;
				SWIFT_OPTIMIZATION_LEVEL = "-Onone";
			};
			name = Debug;
		};
		A0916D51263B6F1F00C097E3 /* Release */ = {
			isa = XCBuildConfiguration;
			buildSettings = {
				ALWAYS_SEARCH_USER_PATHS = NO;
				CLANG_ANALYZER_NONNULL = YES;
				CLANG_ANALYZER_NUMBER_OBJECT_CONVERSION = YES_AGGRESSIVE;
				CLANG_CXX_LANGUAGE_STANDARD = "gnu++14";
				CLANG_CXX_LIBRARY = "libc++";
				CLANG_ENABLE_MODULES = YES;
				CLANG_ENABLE_OBJC_ARC = YES;
				CLANG_ENABLE_OBJC_WEAK = YES;
				CLANG_WARN_BLOCK_CAPTURE_AUTORELEASING = YES;
				CLANG_WARN_BOOL_CONVERSION = YES;
				CLANG_WARN_COMMA = YES;
				CLANG_WARN_CONSTANT_CONVERSION = YES;
				CLANG_WARN_DEPRECATED_OBJC_IMPLEMENTATIONS = YES;
				CLANG_WARN_DIRECT_OBJC_ISA_USAGE = YES_ERROR;
				CLANG_WARN_DOCUMENTATION_COMMENTS = YES;
				CLANG_WARN_EMPTY_BODY = YES;
				CLANG_WARN_ENUM_CONVERSION = YES;
				CLANG_WARN_INFINITE_RECURSION = YES;
				CLANG_WARN_INT_CONVERSION = YES;
				CLANG_WARN_NON_LITERAL_NULL_CONVERSION = YES;
				CLANG_WARN_OBJC_IMPLICIT_RETAIN_SELF = YES;
				CLANG_WARN_OBJC_LITERAL_CONVERSION = YES;
				CLANG_WARN_OBJC_ROOT_CLASS = YES_ERROR;
				CLANG_WARN_QUOTED_INCLUDE_IN_FRAMEWORK_HEADER = YES;
				CLANG_WARN_RANGE_LOOP_ANALYSIS = YES;
				CLANG_WARN_STRICT_PROTOTYPES = YES;
				CLANG_WARN_SUSPICIOUS_MOVE = YES;
				CLANG_WARN_UNGUARDED_AVAILABILITY = YES_AGGRESSIVE;
				CLANG_WARN_UNREACHABLE_CODE = YES;
				CLANG_WARN__DUPLICATE_METHOD_MATCH = YES;
				COPY_PHASE_STRIP = NO;
				DEBUG_INFORMATION_FORMAT = "dwarf-with-dsym";
				ENABLE_NS_ASSERTIONS = NO;
				ENABLE_STRICT_OBJC_MSGSEND = YES;
				GCC_C_LANGUAGE_STANDARD = gnu11;
				GCC_NO_COMMON_BLOCKS = YES;
				GCC_WARN_64_TO_32_BIT_CONVERSION = YES;
				GCC_WARN_ABOUT_RETURN_TYPE = YES_ERROR;
				GCC_WARN_UNDECLARED_SELECTOR = YES;
				GCC_WARN_UNINITIALIZED_AUTOS = YES_AGGRESSIVE;
				GCC_WARN_UNUSED_FUNCTION = YES;
				GCC_WARN_UNUSED_VARIABLE = YES;
				IPHONEOS_DEPLOYMENT_TARGET = 14.4;
				MTL_ENABLE_DEBUG_INFO = NO;
				MTL_FAST_MATH = YES;
				SDKROOT = iphoneos;
				SWIFT_COMPILATION_MODE = wholemodule;
				SWIFT_OPTIMIZATION_LEVEL = "-O";
				VALIDATE_PRODUCT = YES;
			};
			name = Release;
		};
		A0916D53263B6F1F00C097E3 /* Debug */ = {
			isa = XCBuildConfiguration;
			buildSettings = {
				ASSETCATALOG_COMPILER_APPICON_NAME = AppIcon;
				ASSETCATALOG_COMPILER_GLOBAL_ACCENT_COLOR_NAME = AccentColor;
				CODE_SIGN_STYLE = Automatic;
				DEVELOPMENT_TEAM = RN688WFT3X;
				INFOPLIST_FILE = StackOverflowList/Info.plist;
				IPHONEOS_DEPLOYMENT_TARGET = 13.0;
				LD_RUNPATH_SEARCH_PATHS = (
					"$(inherited)",
					"@executable_path/Frameworks",
				);
				PRODUCT_BUNDLE_IDENTIFIER = com.rikuyasui.fatviewcontroller.StackOverFlow.StackOverflowList;
				PRODUCT_NAME = "$(TARGET_NAME)";
				SWIFT_VERSION = 5.0;
				TARGETED_DEVICE_FAMILY = "1,2";
			};
			name = Debug;
		};
		A0916D54263B6F1F00C097E3 /* Release */ = {
			isa = XCBuildConfiguration;
			buildSettings = {
				ASSETCATALOG_COMPILER_APPICON_NAME = AppIcon;
				ASSETCATALOG_COMPILER_GLOBAL_ACCENT_COLOR_NAME = AccentColor;
				CODE_SIGN_STYLE = Automatic;
				DEVELOPMENT_TEAM = RN688WFT3X;
				INFOPLIST_FILE = StackOverflowList/Info.plist;
				IPHONEOS_DEPLOYMENT_TARGET = 13.0;
				LD_RUNPATH_SEARCH_PATHS = (
					"$(inherited)",
					"@executable_path/Frameworks",
				);
				PRODUCT_BUNDLE_IDENTIFIER = com.rikuyasui.fatviewcontroller.StackOverFlow.StackOverflowList;
				PRODUCT_NAME = "$(TARGET_NAME)";
				SWIFT_VERSION = 5.0;
				TARGETED_DEVICE_FAMILY = "1,2";
			};
			name = Release;
		};
		A0916D56263B6F1F00C097E3 /* Debug */ = {
			isa = XCBuildConfiguration;
			buildSettings = {
				ALWAYS_EMBED_SWIFT_STANDARD_LIBRARIES = YES;
				BUNDLE_LOADER = "$(TEST_HOST)";
				CODE_SIGN_STYLE = Automatic;
				DEVELOPMENT_TEAM = RN688WFT3X;
				INFOPLIST_FILE = StackOverflowListTests/Info.plist;
				IPHONEOS_DEPLOYMENT_TARGET = 14.4;
				LD_RUNPATH_SEARCH_PATHS = (
					"$(inherited)",
					"@executable_path/Frameworks",
					"@loader_path/Frameworks",
				);
				PRODUCT_BUNDLE_IDENTIFIER = com.rikuyasui.fatviewcontroller.StackOverFlow.StackOverflowListTests;
				PRODUCT_NAME = "$(TARGET_NAME)";
				SWIFT_VERSION = 5.0;
				TARGETED_DEVICE_FAMILY = "1,2";
				TEST_HOST = "$(BUILT_PRODUCTS_DIR)/StackOverflowList.app/StackOverflowList";
			};
			name = Debug;
		};
		A0916D57263B6F1F00C097E3 /* Release */ = {
			isa = XCBuildConfiguration;
			buildSettings = {
				ALWAYS_EMBED_SWIFT_STANDARD_LIBRARIES = YES;
				BUNDLE_LOADER = "$(TEST_HOST)";
				CODE_SIGN_STYLE = Automatic;
				DEVELOPMENT_TEAM = RN688WFT3X;
				INFOPLIST_FILE = StackOverflowListTests/Info.plist;
				IPHONEOS_DEPLOYMENT_TARGET = 14.4;
				LD_RUNPATH_SEARCH_PATHS = (
					"$(inherited)",
					"@executable_path/Frameworks",
					"@loader_path/Frameworks",
				);
				PRODUCT_BUNDLE_IDENTIFIER = com.rikuyasui.fatviewcontroller.StackOverFlow.StackOverflowListTests;
				PRODUCT_NAME = "$(TARGET_NAME)";
				SWIFT_VERSION = 5.0;
				TARGETED_DEVICE_FAMILY = "1,2";
				TEST_HOST = "$(BUILT_PRODUCTS_DIR)/StackOverflowList.app/StackOverflowList";
			};
			name = Release;
		};
		A0916D59263B6F1F00C097E3 /* Debug */ = {
			isa = XCBuildConfiguration;
			buildSettings = {
				ALWAYS_EMBED_SWIFT_STANDARD_LIBRARIES = YES;
				CODE_SIGN_STYLE = Automatic;
				DEVELOPMENT_TEAM = RN688WFT3X;
				INFOPLIST_FILE = StackOverflowListUITests/Info.plist;
				LD_RUNPATH_SEARCH_PATHS = (
					"$(inherited)",
					"@executable_path/Frameworks",
					"@loader_path/Frameworks",
				);
				PRODUCT_BUNDLE_IDENTIFIER = com.rikuyasui.fatviewcontroller.StackOverFlow.StackOverflowListUITests;
				PRODUCT_NAME = "$(TARGET_NAME)";
				SWIFT_VERSION = 5.0;
				TARGETED_DEVICE_FAMILY = "1,2";
				TEST_TARGET_NAME = StackOverflowList;
			};
			name = Debug;
		};
		A0916D5A263B6F1F00C097E3 /* Release */ = {
			isa = XCBuildConfiguration;
			buildSettings = {
				ALWAYS_EMBED_SWIFT_STANDARD_LIBRARIES = YES;
				CODE_SIGN_STYLE = Automatic;
				DEVELOPMENT_TEAM = RN688WFT3X;
				INFOPLIST_FILE = StackOverflowListUITests/Info.plist;
				LD_RUNPATH_SEARCH_PATHS = (
					"$(inherited)",
					"@executable_path/Frameworks",
					"@loader_path/Frameworks",
				);
				PRODUCT_BUNDLE_IDENTIFIER = com.rikuyasui.fatviewcontroller.StackOverFlow.StackOverflowListUITests;
				PRODUCT_NAME = "$(TARGET_NAME)";
				SWIFT_VERSION = 5.0;
				TARGETED_DEVICE_FAMILY = "1,2";
				TEST_TARGET_NAME = StackOverflowList;
			};
			name = Release;
		};
/* End XCBuildConfiguration section */

/* Begin XCConfigurationList section */
		A0916D23263B6F1E00C097E3 /* Build configuration list for PBXProject "StackOverflowList" */ = {
			isa = XCConfigurationList;
			buildConfigurations = (
				A0916D50263B6F1F00C097E3 /* Debug */,
				A0916D51263B6F1F00C097E3 /* Release */,
			);
			defaultConfigurationIsVisible = 0;
			defaultConfigurationName = Release;
		};
		A0916D52263B6F1F00C097E3 /* Build configuration list for PBXNativeTarget "StackOverflowList" */ = {
			isa = XCConfigurationList;
			buildConfigurations = (
				A0916D53263B6F1F00C097E3 /* Debug */,
				A0916D54263B6F1F00C097E3 /* Release */,
			);
			defaultConfigurationIsVisible = 0;
			defaultConfigurationName = Release;
		};
		A0916D55263B6F1F00C097E3 /* Build configuration list for PBXNativeTarget "StackOverflowListTests" */ = {
			isa = XCConfigurationList;
			buildConfigurations = (
				A0916D56263B6F1F00C097E3 /* Debug */,
				A0916D57263B6F1F00C097E3 /* Release */,
			);
			defaultConfigurationIsVisible = 0;
			defaultConfigurationName = Release;
		};
		A0916D58263B6F1F00C097E3 /* Build configuration list for PBXNativeTarget "StackOverflowListUITests" */ = {
			isa = XCConfigurationList;
			buildConfigurations = (
				A0916D59263B6F1F00C097E3 /* Debug */,
				A0916D5A263B6F1F00C097E3 /* Release */,
			);
			defaultConfigurationIsVisible = 0;
			defaultConfigurationName = Release;
		};
/* End XCConfigurationList section */
	};
	rootObject = A0916D20263B6F1E00C097E3 /* Project object */;
}
